
Microsoft Visual Studio Solution File, Format Version 12.00
# Visual Studio Version 16
VisualStudioVersion = 16.0.29306.81
MinimumVisualStudioVersion = 10.0.40219.1
Project("{FAE04EC0-301F-11D3-BF4B-00C04F79EFBC}") = "BooksApi", "BooksApi\BooksApi.csproj", "{A1EA2D3E-6D14-472F-B415-A386964C2814}"
EndProject
Global
	GlobalSection(SolutionConfigurationPlatforms) = preSolution
		Debug|Any CPU = Debug|Any CPU
		Release|Any CPU = Release|Any CPU
	EndGlobalSection
	GlobalSection(ProjectConfigurationPlatforms) = postSolution
		{A1EA2D3E-6D14-472F-B415-A386964C2814}.Debug|Any CPU.ActiveCfg = Debug|Any CPU
		{A1EA2D3E-6D14-472F-B415-A386964C2814}.Debug|Any CPU.Build.0 = Debug|Any CPU
		{A1EA2D3E-6D14-472F-B415-A386964C2814}.Release|Any CPU.ActiveCfg = Release|Any CPU
		{A1EA2D3E-6D14-472F-B415-A386964C2814}.Release|Any CPU.Build.0 = Release|Any CPU
	EndGlobalSection
	GlobalSection(SolutionProperties) = preSolution
		HideSolutionNode = FALSE
	EndGlobalSection
	GlobalSection(ExtensibilityGlobals) = postSolution
		SolutionGuid = {5291902A-CE6A-44AF-8FA3-2BB5C8CE5F93}
	EndGlobalSection
EndGlobal
